
Microsoft Visual Studio Solution File, Format Version 12.00
# Visual Studio Version 16
VisualStudioVersion = 16.0.29926.136
MinimumVisualStudioVersion = 10.0.40219.1
Project("{FAE04EC0-301F-11D3-BF4B-00C04F79EFBC}") = "SecuenciadorTest", "SecuenciadorTest.csproj", "{160BF0DF-E955-4D38-AD26-2F5F39AECA91}"
EndProject
Global
	GlobalSection(SolutionConfigurationPlatforms) = preSolution
		Debug|Any CPU = Debug|Any CPU
		Release|Any CPU = Release|Any CPU
	EndGlobalSection
	GlobalSection(ProjectConfigurationPlatforms) = postSolution
		{160BF0DF-E955-4D38-AD26-2F5F39AECA91}.Debug|Any CPU.ActiveCfg = Debug|Any CPU
		{160BF0DF-E955-4D38-AD26-2F5F39AECA91}.Debug|Any CPU.Build.0 = Debug|Any CPU
		{160BF0DF-E955-4D38-AD26-2F5F39AECA91}.Release|Any CPU.ActiveCfg = Release|Any CPU
		{160BF0DF-E955-4D38-AD26-2F5F39AECA91}.Release|Any CPU.Build.0 = Release|Any CPU
	EndGlobalSection
	GlobalSection(SolutionProperties) = preSolution
		HideSolutionNode = FALSE
	EndGlobalSection
	GlobalSection(ExtensibilityGlobals) = postSolution
		SolutionGuid = {906F0C30-DE3A-4352-9DE5-36274D8C7DE2}
	EndGlobalSection
EndGlobal
